
Microsoft Visual Studio Solution File, Format Version 12.00
Project("{FAE04EC0-301F-11D3-BF4B-00C04F79EFBC}") = "Logger", "Logger\Logger.csproj", "{90F5F951-3866-46F8-90F7-E427796811E8}"
EndProject
Project("{FAE04EC0-301F-11D3-BF4B-00C04F79EFBC}") = "Logger.TestConsole", "Logger.TestConsole\Logger.TestConsole.csproj", "{6C526D9B-6ABE-4C29-A97A-AD38EAEDD9C1}"
EndProject
Global
	GlobalSection(SolutionConfigurationPlatforms) = preSolution
		Debug|Any CPU = Debug|Any CPU
		Release|Any CPU = Release|Any CPU
	EndGlobalSection
	GlobalSection(ProjectConfigurationPlatforms) = postSolution
		{90F5F951-3866-46F8-90F7-E427796811E8}.Debug|Any CPU.ActiveCfg = Debug|Any CPU
		{90F5F951-3866-46F8-90F7-E427796811E8}.Debug|Any CPU.Build.0 = Debug|Any CPU
		{90F5F951-3866-46F8-90F7-E427796811E8}.Release|Any CPU.ActiveCfg = Release|Any CPU
		{90F5F951-3866-46F8-90F7-E427796811E8}.Release|Any CPU.Build.0 = Release|Any CPU
		{6C526D9B-6ABE-4C29-A97A-AD38EAEDD9C1}.Debug|Any CPU.ActiveCfg = Debug|Any CPU
		{6C526D9B-6ABE-4C29-A97A-AD38EAEDD9C1}.Debug|Any CPU.Build.0 = Debug|Any CPU
		{6C526D9B-6ABE-4C29-A97A-AD38EAEDD9C1}.Release|Any CPU.ActiveCfg = Release|Any CPU
		{6C526D9B-6ABE-4C29-A97A-AD38EAEDD9C1}.Release|Any CPU.Build.0 = Release|Any CPU
	EndGlobalSection
EndGlobal
